
Microsoft Visual Studio Solution File, Format Version 12.00
# Visual Studio Version 17
VisualStudioVersion = 17.14.36429.23 d17.14
MinimumVisualStudioVersion = 10.0.40219.1
Project("{FAE04EC0-301F-11D3-BF4B-00C04F79EFBC}") = "sistweb-container-bl", "sistweb-container-bl\sistweb-container-bl.csproj", "{0E2CD8BA-2866-4134-92F5-64510FB1A91B}"
EndProject
Global
	GlobalSection(SolutionConfigurationPlatforms) = preSolution
		Debug|Any CPU = Debug|Any CPU
		Release|Any CPU = Release|Any CPU
	EndGlobalSection
	GlobalSection(ProjectConfigurationPlatforms) = postSolution
		{0E2CD8BA-2866-4134-92F5-64510FB1A91B}.Debug|Any CPU.ActiveCfg = Debug|Any CPU
		{0E2CD8BA-2866-4134-92F5-64510FB1A91B}.Debug|Any CPU.Build.0 = Debug|Any CPU
		{0E2CD8BA-2866-4134-92F5-64510FB1A91B}.Release|Any CPU.ActiveCfg = Release|Any CPU
		{0E2CD8BA-2866-4134-92F5-64510FB1A91B}.Release|Any CPU.Build.0 = Release|Any CPU
	EndGlobalSection
	GlobalSection(SolutionProperties) = preSolution
		HideSolutionNode = FALSE
	EndGlobalSection
	GlobalSection(ExtensibilityGlobals) = postSolution
		SolutionGuid = {41AA0CDE-D98E-4569-B874-45A088AFB924}
	EndGlobalSection
EndGlobal
