
Microsoft Visual Studio Solution File, Format Version 12.00
# Visual Studio Version 17
VisualStudioVersion = 17.14.36717.8 d17.14
MinimumVisualStudioVersion = 10.0.40219.1
Project("{FAE04EC0-301F-11D3-BF4B-00C04F79EFBC}") = "TP04", "TP04\TP04.csproj", "{56786257-B331-4A05-AA4B-4770C95EFC63}"
EndProject
Project("{2150E333-8FDC-42A3-9474-1A3956D46DE8}") = "0-Common", "0-Common", "{02EA681E-C7D8-13C7-8484-4AC65E1B71E8}"
EndProject
Project("{FAE04EC0-301F-11D3-BF4B-00C04F79EFBC}") = "Model", "Model\Model.csproj", "{F8F8705C-FFFD-4FC1-B47F-AD59CBF73616}"
EndProject
Project("{FAE04EC0-301F-11D3-BF4B-00C04F79EFBC}") = "DAL.Produtos", "DAL\DAL.Produtos.csproj", "{8F2AA394-86E8-4221-A461-87AB84E182EE}"
EndProject
Project("{2150E333-8FDC-42A3-9474-1A3956D46DE8}") = "Itens de Solução", "Itens de Solução", "{380A7511-A354-6D7A-0CC0-8FA1F1BA7B6C}"
	ProjectSection(SolutionItems) = preProject
		README.md = README.md
	EndProjectSection
EndProject
Global
	GlobalSection(SolutionConfigurationPlatforms) = preSolution
		Debug|Any CPU = Debug|Any CPU
		Release|Any CPU = Release|Any CPU
	EndGlobalSection
	GlobalSection(ProjectConfigurationPlatforms) = postSolution
		{56786257-B331-4A05-AA4B-4770C95EFC63}.Debug|Any CPU.ActiveCfg = Debug|Any CPU
		{56786257-B331-4A05-AA4B-4770C95EFC63}.Debug|Any CPU.Build.0 = Debug|Any CPU
		{56786257-B331-4A05-AA4B-4770C95EFC63}.Release|Any CPU.ActiveCfg = Release|Any CPU
		{56786257-B331-4A05-AA4B-4770C95EFC63}.Release|Any CPU.Build.0 = Release|Any CPU
		{F8F8705C-FFFD-4FC1-B47F-AD59CBF73616}.Debug|Any CPU.ActiveCfg = Debug|Any CPU
		{F8F8705C-FFFD-4FC1-B47F-AD59CBF73616}.Debug|Any CPU.Build.0 = Debug|Any CPU
		{F8F8705C-FFFD-4FC1-B47F-AD59CBF73616}.Release|Any CPU.ActiveCfg = Release|Any CPU
		{F8F8705C-FFFD-4FC1-B47F-AD59CBF73616}.Release|Any CPU.Build.0 = Release|Any CPU
		{8F2AA394-86E8-4221-A461-87AB84E182EE}.Debug|Any CPU.ActiveCfg = Debug|Any CPU
		{8F2AA394-86E8-4221-A461-87AB84E182EE}.Debug|Any CPU.Build.0 = Debug|Any CPU
		{8F2AA394-86E8-4221-A461-87AB84E182EE}.Release|Any CPU.ActiveCfg = Release|Any CPU
		{8F2AA394-86E8-4221-A461-87AB84E182EE}.Release|Any CPU.Build.0 = Release|Any CPU
	EndGlobalSection
	GlobalSection(SolutionProperties) = preSolution
		HideSolutionNode = FALSE
	EndGlobalSection
	GlobalSection(NestedProjects) = preSolution
		{F8F8705C-FFFD-4FC1-B47F-AD59CBF73616} = {02EA681E-C7D8-13C7-8484-4AC65E1B71E8}
		{8F2AA394-86E8-4221-A461-87AB84E182EE} = {02EA681E-C7D8-13C7-8484-4AC65E1B71E8}
	EndGlobalSection
	GlobalSection(ExtensibilityGlobals) = postSolution
		SolutionGuid = {2EF1C3BB-DB7B-4DD8-ADF5-86C78AAAFD89}
	EndGlobalSection
EndGlobal
